
Microsoft Visual Studio Solution File, Format Version 12.00
# Visual Studio Version 16
VisualStudioVersion = 16.0.31205.134
MinimumVisualStudioVersion = 10.0.40219.1
Project("{9A19103F-16F7-4668-BE54-9A1E7A4F7556}") = "AutoVote", "AutoVote\AutoVote.csproj", "{6EA3FB63-DA90-456C-901B-51DDE23A2820}"
EndProject
Global
	GlobalSection(SolutionConfigurationPlatforms) = preSolution
		Debug|Any CPU = Debug|Any CPU
		Release|Any CPU = Release|Any CPU
	EndGlobalSection
	GlobalSection(ProjectConfigurationPlatforms) = postSolution
		{6EA3FB63-DA90-456C-901B-51DDE23A2820}.Debug|Any CPU.ActiveCfg = Debug|Any CPU
		{6EA3FB63-DA90-456C-901B-51DDE23A2820}.Debug|Any CPU.Build.0 = Debug|Any CPU
		{6EA3FB63-DA90-456C-901B-51DDE23A2820}.Release|Any CPU.ActiveCfg = Release|Any CPU
		{6EA3FB63-DA90-456C-901B-51DDE23A2820}.Release|Any CPU.Build.0 = Release|Any CPU
	EndGlobalSection
	GlobalSection(SolutionProperties) = preSolution
		HideSolutionNode = FALSE
	EndGlobalSection
	GlobalSection(ExtensibilityGlobals) = postSolution
		SolutionGuid = {0F796FD6-0C99-483D-B5EA-4098EC3DD854}
	EndGlobalSection
EndGlobal
